
Microsoft Visual Studio Solution File, Format Version 12.00
# Visual Studio Version 16
VisualStudioVersion = 16.0.29326.143
MinimumVisualStudioVersion = 10.0.40219.1
Project("{FAE04EC0-301F-11D3-BF4B-00C04F79EFBC}") = "TestingTask", "TestingTask\TestingTask.csproj", "{0612D3F2-ED65-4590-BB25-E04E3304AC8D}"
EndProject
Global
	GlobalSection(SolutionConfigurationPlatforms) = preSolution
		Debug|Any CPU = Debug|Any CPU
		Release|Any CPU = Release|Any CPU
	EndGlobalSection
	GlobalSection(ProjectConfigurationPlatforms) = postSolution
		{0612D3F2-ED65-4590-BB25-E04E3304AC8D}.Debug|Any CPU.ActiveCfg = Debug|Any CPU
		{0612D3F2-ED65-4590-BB25-E04E3304AC8D}.Debug|Any CPU.Build.0 = Debug|Any CPU
		{0612D3F2-ED65-4590-BB25-E04E3304AC8D}.Release|Any CPU.ActiveCfg = Release|Any CPU
		{0612D3F2-ED65-4590-BB25-E04E3304AC8D}.Release|Any CPU.Build.0 = Release|Any CPU
	EndGlobalSection
	GlobalSection(SolutionProperties) = preSolution
		HideSolutionNode = FALSE
	EndGlobalSection
	GlobalSection(ExtensibilityGlobals) = postSolution
		SolutionGuid = {3C99D79F-CFA4-4B38-8B57-A68C3A86DCD9}
	EndGlobalSection
EndGlobal
